
Microsoft Visual Studio Solution File, Format Version 12.00
# Visual Studio 14
VisualStudioVersion = 14.0.24720.0
MinimumVisualStudioVersion = 10.0.40219.1
Project("{2150E333-8FDC-42A3-9474-1A3956D46DE8}") = "src", "src", "{CF08A23C-6979-45B9-9650-6816C4A30738}"
EndProject
Project("{2150E333-8FDC-42A3-9474-1A3956D46DE8}") = "Solution Items", "Solution Items", "{95C734B7-7FBC-4CA5-9277-9099B97B08B2}"
	ProjectSection(SolutionItems) = preProject
		global.json = global.json
	EndProjectSection
EndProject
Project("{8BB2217D-0F2D-49D1-97BC-3654ED321F3B}") = "Cuartato.Website", "src\Cuartato.Website\Cuartato.Website.xproj", "{33763682-7864-43F2-8877-B9BA2D2D661A}"
EndProject
Global
	GlobalSection(SolutionConfigurationPlatforms) = preSolution
		Debug|Any CPU = Debug|Any CPU
		Release|Any CPU = Release|Any CPU
	EndGlobalSection
	GlobalSection(ProjectConfigurationPlatforms) = postSolution
		{33763682-7864-43F2-8877-B9BA2D2D661A}.Debug|Any CPU.ActiveCfg = Debug|Any CPU
		{33763682-7864-43F2-8877-B9BA2D2D661A}.Debug|Any CPU.Build.0 = Debug|Any CPU
		{33763682-7864-43F2-8877-B9BA2D2D661A}.Release|Any CPU.ActiveCfg = Release|Any CPU
		{33763682-7864-43F2-8877-B9BA2D2D661A}.Release|Any CPU.Build.0 = Release|Any CPU
	EndGlobalSection
	GlobalSection(SolutionProperties) = preSolution
		HideSolutionNode = FALSE
	EndGlobalSection
	GlobalSection(NestedProjects) = preSolution
		{33763682-7864-43F2-8877-B9BA2D2D661A} = {CF08A23C-6979-45B9-9650-6816C4A30738}
	EndGlobalSection
EndGlobal
